
Microsoft Visual Studio Solution File, Format Version 12.00
# Visual Studio Version 16
VisualStudioVersion = 16.0.30523.141
MinimumVisualStudioVersion = 10.0.40219.1
Project("{FAE04EC0-301F-11D3-BF4B-00C04F79EFBC}") = "Task 2", "Task 2\Task 2.csproj", "{10CCB2C6-901E-4A02-AF8F-D833E811F872}"
EndProject
Project("{FAE04EC0-301F-11D3-BF4B-00C04F79EFBC}") = "Task 3", "Task 3\Task 3.csproj", "{2620BE2C-38DB-4472-9377-F309A86D4F4E}"
EndProject
Global
	GlobalSection(SolutionConfigurationPlatforms) = preSolution
		Debug|Any CPU = Debug|Any CPU
		Release|Any CPU = Release|Any CPU
	EndGlobalSection
	GlobalSection(ProjectConfigurationPlatforms) = postSolution
		{10CCB2C6-901E-4A02-AF8F-D833E811F872}.Debug|Any CPU.ActiveCfg = Debug|Any CPU
		{10CCB2C6-901E-4A02-AF8F-D833E811F872}.Debug|Any CPU.Build.0 = Debug|Any CPU
		{10CCB2C6-901E-4A02-AF8F-D833E811F872}.Release|Any CPU.ActiveCfg = Release|Any CPU
		{10CCB2C6-901E-4A02-AF8F-D833E811F872}.Release|Any CPU.Build.0 = Release|Any CPU
		{2620BE2C-38DB-4472-9377-F309A86D4F4E}.Debug|Any CPU.ActiveCfg = Debug|Any CPU
		{2620BE2C-38DB-4472-9377-F309A86D4F4E}.Debug|Any CPU.Build.0 = Debug|Any CPU
		{2620BE2C-38DB-4472-9377-F309A86D4F4E}.Release|Any CPU.ActiveCfg = Release|Any CPU
		{2620BE2C-38DB-4472-9377-F309A86D4F4E}.Release|Any CPU.Build.0 = Release|Any CPU
	EndGlobalSection
	GlobalSection(SolutionProperties) = preSolution
		HideSolutionNode = FALSE
	EndGlobalSection
	GlobalSection(ExtensibilityGlobals) = postSolution
		SolutionGuid = {88AD5BB1-08A4-4D80-90BF-3F81D2C57003}
	EndGlobalSection
EndGlobal
