
Microsoft Visual Studio Solution File, Format Version 12.00
# Visual Studio Version 16
VisualStudioVersion = 16.0.30523.141
MinimumVisualStudioVersion = 10.0.40219.1
Project("{FAE04EC0-301F-11D3-BF4B-00C04F79EFBC}") = "Task 2", "Task 2\Task 2.csproj", "{03D501F3-47A0-497E-8D80-2A5B06CBA74C}"
EndProject
Project("{FAE04EC0-301F-11D3-BF4B-00C04F79EFBC}") = "Task 4", "Task 4\Task 4.csproj", "{EFB0566C-CA26-4E45-9096-B783C673D0DC}"
EndProject
Global
	GlobalSection(SolutionConfigurationPlatforms) = preSolution
		Debug|Any CPU = Debug|Any CPU
		Release|Any CPU = Release|Any CPU
	EndGlobalSection
	GlobalSection(ProjectConfigurationPlatforms) = postSolution
		{03D501F3-47A0-497E-8D80-2A5B06CBA74C}.Debug|Any CPU.ActiveCfg = Debug|Any CPU
		{03D501F3-47A0-497E-8D80-2A5B06CBA74C}.Debug|Any CPU.Build.0 = Debug|Any CPU
		{03D501F3-47A0-497E-8D80-2A5B06CBA74C}.Release|Any CPU.ActiveCfg = Release|Any CPU
		{03D501F3-47A0-497E-8D80-2A5B06CBA74C}.Release|Any CPU.Build.0 = Release|Any CPU
		{EFB0566C-CA26-4E45-9096-B783C673D0DC}.Debug|Any CPU.ActiveCfg = Debug|Any CPU
		{EFB0566C-CA26-4E45-9096-B783C673D0DC}.Debug|Any CPU.Build.0 = Debug|Any CPU
		{EFB0566C-CA26-4E45-9096-B783C673D0DC}.Release|Any CPU.ActiveCfg = Release|Any CPU
		{EFB0566C-CA26-4E45-9096-B783C673D0DC}.Release|Any CPU.Build.0 = Release|Any CPU
	EndGlobalSection
	GlobalSection(SolutionProperties) = preSolution
		HideSolutionNode = FALSE
	EndGlobalSection
	GlobalSection(ExtensibilityGlobals) = postSolution
		SolutionGuid = {36C67819-8D0B-44AE-B40D-A10BBE6A4772}
	EndGlobalSection
EndGlobal
